
Microsoft Visual Studio Solution File, Format Version 12.00
# Visual Studio Version 17
VisualStudioVersion = 17.4.33110.190
MinimumVisualStudioVersion = 10.0.40219.1
Project("{FAE04EC0-301F-11D3-BF4B-00C04F79EFBC}") = "log level", "log level\log level.csproj", "{34FAF483-4FFC-4B54-A1EC-84A70E8BD9D7}"
EndProject
Global
	GlobalSection(SolutionConfigurationPlatforms) = preSolution
		Debug|Any CPU = Debug|Any CPU
		Release|Any CPU = Release|Any CPU
	EndGlobalSection
	GlobalSection(ProjectConfigurationPlatforms) = postSolution
		{34FAF483-4FFC-4B54-A1EC-84A70E8BD9D7}.Debug|Any CPU.ActiveCfg = Debug|Any CPU
		{34FAF483-4FFC-4B54-A1EC-84A70E8BD9D7}.Debug|Any CPU.Build.0 = Debug|Any CPU
		{34FAF483-4FFC-4B54-A1EC-84A70E8BD9D7}.Release|Any CPU.ActiveCfg = Release|Any CPU
		{34FAF483-4FFC-4B54-A1EC-84A70E8BD9D7}.Release|Any CPU.Build.0 = Release|Any CPU
	EndGlobalSection
	GlobalSection(SolutionProperties) = preSolution
		HideSolutionNode = FALSE
	EndGlobalSection
	GlobalSection(ExtensibilityGlobals) = postSolution
		SolutionGuid = {A621995D-09EE-45FA-A2BE-2BEAF0BDAB88}
	EndGlobalSection
EndGlobal
